
Microsoft Visual Studio Solution File, Format Version 12.00
# Visual Studio Version 16
VisualStudioVersion = 16.0.31911.196
MinimumVisualStudioVersion = 10.0.40219.1
Project("{FAE04EC0-301F-11D3-BF4B-00C04F79EFBC}") = "Iskills", "DBProject\Iskills.csproj", "{7A5EFA4B-35F4-4499-8625-6908762FDD35}"
EndProject
Project("{FAE04EC0-301F-11D3-BF4B-00C04F79EFBC}") = "BLL", "BLL\BLL.csproj", "{CBD6E2F6-75C2-4DA7-B6B3-5E1809FE0FB7}"
EndProject
Project("{FAE04EC0-301F-11D3-BF4B-00C04F79EFBC}") = "Domain", "Domain\Domain.csproj", "{52B5F770-BC5B-4F32-A4D1-B9CEEB0FD6C0}"
EndProject
Project("{FAE04EC0-301F-11D3-BF4B-00C04F79EFBC}") = "DAL", "DAL\DAL.csproj", "{18B622D3-7880-4498-8127-97035B35FD7E}"
EndProject
Global
	GlobalSection(SolutionConfigurationPlatforms) = preSolution
		Debug|Any CPU = Debug|Any CPU
		Release|Any CPU = Release|Any CPU
	EndGlobalSection
	GlobalSection(ProjectConfigurationPlatforms) = postSolution
		{7A5EFA4B-35F4-4499-8625-6908762FDD35}.Debug|Any CPU.ActiveCfg = Debug|Any CPU
		{7A5EFA4B-35F4-4499-8625-6908762FDD35}.Debug|Any CPU.Build.0 = Debug|Any CPU
		{7A5EFA4B-35F4-4499-8625-6908762FDD35}.Release|Any CPU.ActiveCfg = Release|Any CPU
		{7A5EFA4B-35F4-4499-8625-6908762FDD35}.Release|Any CPU.Build.0 = Release|Any CPU
		{CBD6E2F6-75C2-4DA7-B6B3-5E1809FE0FB7}.Debug|Any CPU.ActiveCfg = Debug|Any CPU
		{CBD6E2F6-75C2-4DA7-B6B3-5E1809FE0FB7}.Debug|Any CPU.Build.0 = Debug|Any CPU
		{CBD6E2F6-75C2-4DA7-B6B3-5E1809FE0FB7}.Release|Any CPU.ActiveCfg = Release|Any CPU
		{CBD6E2F6-75C2-4DA7-B6B3-5E1809FE0FB7}.Release|Any CPU.Build.0 = Release|Any CPU
		{52B5F770-BC5B-4F32-A4D1-B9CEEB0FD6C0}.Debug|Any CPU.ActiveCfg = Debug|Any CPU
		{52B5F770-BC5B-4F32-A4D1-B9CEEB0FD6C0}.Debug|Any CPU.Build.0 = Debug|Any CPU
		{52B5F770-BC5B-4F32-A4D1-B9CEEB0FD6C0}.Release|Any CPU.ActiveCfg = Release|Any CPU
		{52B5F770-BC5B-4F32-A4D1-B9CEEB0FD6C0}.Release|Any CPU.Build.0 = Release|Any CPU
		{18B622D3-7880-4498-8127-97035B35FD7E}.Debug|Any CPU.ActiveCfg = Debug|Any CPU
		{18B622D3-7880-4498-8127-97035B35FD7E}.Debug|Any CPU.Build.0 = Debug|Any CPU
		{18B622D3-7880-4498-8127-97035B35FD7E}.Release|Any CPU.ActiveCfg = Release|Any CPU
		{18B622D3-7880-4498-8127-97035B35FD7E}.Release|Any CPU.Build.0 = Release|Any CPU
	EndGlobalSection
	GlobalSection(SolutionProperties) = preSolution
		HideSolutionNode = FALSE
	EndGlobalSection
	GlobalSection(ExtensibilityGlobals) = postSolution
		SolutionGuid = {068625F2-367F-4FBD-AE50-768522B1256B}
	EndGlobalSection
EndGlobal
